
Microsoft Visual Studio Solution File, Format Version 12.00
# Visual Studio Version 17
VisualStudioVersion = 17.14.36310.24 d17.14
MinimumVisualStudioVersion = 10.0.40219.1
Project("{FAE04EC0-301F-11D3-BF4B-00C04F79EFBC}") = "Kiwi SDR Online Receiver Logging", "Kiwi SDR Online Receiver Logging\Kiwi SDR Online Receiver Logging.csproj", "{96A7174A-F0E0-41AD-8485-1E01D23ECC97}"
EndProject
Global
	GlobalSection(SolutionConfigurationPlatforms) = preSolution
		Debug|Any CPU = Debug|Any CPU
		Release|Any CPU = Release|Any CPU
	EndGlobalSection
	GlobalSection(ProjectConfigurationPlatforms) = postSolution
		{96A7174A-F0E0-41AD-8485-1E01D23ECC97}.Debug|Any CPU.ActiveCfg = Debug|Any CPU
		{96A7174A-F0E0-41AD-8485-1E01D23ECC97}.Debug|Any CPU.Build.0 = Debug|Any CPU
		{96A7174A-F0E0-41AD-8485-1E01D23ECC97}.Release|Any CPU.ActiveCfg = Release|Any CPU
		{96A7174A-F0E0-41AD-8485-1E01D23ECC97}.Release|Any CPU.Build.0 = Release|Any CPU
	EndGlobalSection
	GlobalSection(SolutionProperties) = preSolution
		HideSolutionNode = FALSE
	EndGlobalSection
	GlobalSection(ExtensibilityGlobals) = postSolution
		SolutionGuid = {2ACDCF97-D443-4076-B6E7-8FFF6B528490}
	EndGlobalSection
EndGlobal
